// !$*UTF8*$!
{
	archiveVersion = 1;
	classes = {
	};
	objectVersion = 51;
	objects = {

/* Begin PBXBuildFile section */
		690A9BFA26DF6F8B008AF82B /* MessageButtonView.swift in Sources */ = {isa = PBXBuildFile; fileRef = 690A9BF926DF6F8B008AF82B /* MessageButtonView.swift */; };
		691FCCA826DF1C2C00EEC9D3 /* MapView.swift in Sources */ = {isa = PBXBuildFile; fileRef = 691FCCA726DF1C2C00EEC9D3 /* MapView.swift */; };
		693136CB26DE4D6200CA9121 /* ProductListView.swift in Sources */ = {isa = PBXBuildFile; fileRef = 693136CA26DE4D6200CA9121 /* ProductListView.swift */; };
		693136CF26DE545300CA9121 /* BannerList.swift in Sources */ = {isa = PBXBuildFile; fileRef = 693136CE26DE545300CA9121 /* BannerList.swift */; };
		693136D326DE545E00CA9121 /* BannerView.swift in Sources */ = {isa = PBXBuildFile; fileRef = 693136D226DE545E00CA9121 /* BannerView.swift */; };
		693136D726DE58DB00CA9121 /* StoryList.swift in Sources */ = {isa = PBXBuildFile; fileRef = 693136D626DE58DB00CA9121 /* StoryList.swift */; };
		693136DB26DE58E400CA9121 /* StoryViews.swift in Sources */ = {isa = PBXBuildFile; fileRef = 693136DA26DE58E400CA9121 /* StoryViews.swift */; };
		693136DF26DE5CA000CA9121 /* SearchItemView.swift in Sources */ = {isa = PBXBuildFile; fileRef = 693136DE26DE5CA000CA9121 /* SearchItemView.swift */; };
		6937A13026DC7C97008898BC /* ProductView.swift in Sources */ = {isa = PBXBuildFile; fileRef = 6937A12F26DC7C97008898BC /* ProductView.swift */; };
		6937A13526DC7E65008898BC /* ProductsView.swift in Sources */ = {isa = PBXBuildFile; fileRef = 6937A13426DC7E65008898BC /* ProductsView.swift */; };
		6937A14B26DC82AA008898BC /* SF-Pro-Display-Thin.otf in Resources */ = {isa = PBXBuildFile; fileRef = 6937A13926DC82AA008898BC /* SF-Pro-Display-Thin.otf */; };
		6937A14C26DC82AA008898BC /* SF-Pro-Display-SemiboldItalic.otf in Resources */ = {isa = PBXBuildFile; fileRef = 6937A13A26DC82AA008898BC /* SF-Pro-Display-SemiboldItalic.otf */; };
		6937A14D26DC82AA008898BC /* SF-Pro-Display-RegularItalic.otf in Resources */ = {isa = PBXBuildFile; fileRef = 6937A13B26DC82AA008898BC /* SF-Pro-Display-RegularItalic.otf */; };
		6937A14E26DC82AA008898BC /* SF-Pro-Display-Light.otf in Resources */ = {isa = PBXBuildFile; fileRef = 6937A13C26DC82AA008898BC /* SF-Pro-Display-Light.otf */; };
		6937A14F26DC82AA008898BC /* SF-Pro-Display-Regular.otf in Resources */ = {isa = PBXBuildFile; fileRef = 6937A13D26DC82AA008898BC /* SF-Pro-Display-Regular.otf */; };
		6937A15026DC82AA008898BC /* SF-Pro-Display-Bold.otf in Resources */ = {isa = PBXBuildFile; fileRef = 6937A13E26DC82AA008898BC /* SF-Pro-Display-Bold.otf */; };
		6937A15126DC82AA008898BC /* SF-Pro-Display-Medium.otf in Resources */ = {isa = PBXBuildFile; fileRef = 6937A13F26DC82AA008898BC /* SF-Pro-Display-Medium.otf */; };
		6937A15226DC82AA008898BC /* SF-Pro-Display-Heavy.otf in Resources */ = {isa = PBXBuildFile; fileRef = 6937A14026DC82AA008898BC /* SF-Pro-Display-Heavy.otf */; };
		6937A15326DC82AA008898BC /* SF-Pro-Display-Semibold.otf in Resources */ = {isa = PBXBuildFile; fileRef = 6937A14126DC82AA008898BC /* SF-Pro-Display-Semibold.otf */; };
		6937A15426DC82AA008898BC /* SF-Pro-Display-MediumItalic.otf in Resources */ = {isa = PBXBuildFile; fileRef = 6937A14226DC82AA008898BC /* SF-Pro-Display-MediumItalic.otf */; };
		6937A15526DC82AA008898BC /* SF-Pro-Display-HeavyItalic.otf in Resources */ = {isa = PBXBuildFile; fileRef = 6937A14326DC82AA008898BC /* SF-Pro-Display-HeavyItalic.otf */; };
		6937A15626DC82AA008898BC /* SF-Pro-Display-Ultralight.otf in Resources */ = {isa = PBXBuildFile; fileRef = 6937A14426DC82AA008898BC /* SF-Pro-Display-Ultralight.otf */; };
		6937A15726DC82AA008898BC /* SF-Pro-Display-UltralightItalic.otf in Resources */ = {isa = PBXBuildFile; fileRef = 6937A14526DC82AA008898BC /* SF-Pro-Display-UltralightItalic.otf */; };
		6937A15826DC82AA008898BC /* SF-Pro-Display-LightItalic.otf in Resources */ = {isa = PBXBuildFile; fileRef = 6937A14626DC82AA008898BC /* SF-Pro-Display-LightItalic.otf */; };
		6937A15926DC82AA008898BC /* SF-Pro-Display-BlackItalic.otf in Resources */ = {isa = PBXBuildFile; fileRef = 6937A14726DC82AA008898BC /* SF-Pro-Display-BlackItalic.otf */; };
		6937A15A26DC82AA008898BC /* SF-Pro-Display-Black.otf in Resources */ = {isa = PBXBuildFile; fileRef = 6937A14826DC82AA008898BC /* SF-Pro-Display-Black.otf */; };
		6937A15B26DC82AA008898BC /* SF-Pro-Display-ThinItalic.otf in Resources */ = {isa = PBXBuildFile; fileRef = 6937A14926DC82AA008898BC /* SF-Pro-Display-ThinItalic.otf */; };
		6937A15C26DC82AA008898BC /* SF-Pro-Display-BoldItalic.otf in Resources */ = {isa = PBXBuildFile; fileRef = 6937A14A26DC82AA008898BC /* SF-Pro-Display-BoldItalic.otf */; };
		6937A15F26DC8A4C008898BC /* ProductImageView.swift in Sources */ = {isa = PBXBuildFile; fileRef = 6937A15E26DC8A4C008898BC /* ProductImageView.swift */; };
		6937A16226DC8A8B008898BC /* ProductLIkeView.swift in Sources */ = {isa = PBXBuildFile; fileRef = 6937A16126DC8A8B008898BC /* ProductLIkeView.swift */; };
		6937A16526DC8CF9008898BC /* ProductAmountView.swift in Sources */ = {isa = PBXBuildFile; fileRef = 6937A16426DC8CF9008898BC /* ProductAmountView.swift */; };
		6937A16826DC938A008898BC /* ProductCartView.swift in Sources */ = {isa = PBXBuildFile; fileRef = 6937A16726DC938A008898BC /* ProductCartView.swift */; };
		6937A16B26DC9B54008898BC /* AddButton.swift in Sources */ = {isa = PBXBuildFile; fileRef = 6937A16A26DC9B54008898BC /* AddButton.swift */; };
		6937A16E26DC9BFE008898BC /* CartButton.swift in Sources */ = {isa = PBXBuildFile; fileRef = 6937A16D26DC9BFE008898BC /* CartButton.swift */; };
		693F240526DB6F070062D0C6 /* AppDelegate.swift in Sources */ = {isa = PBXBuildFile; fileRef = 693F240426DB6F070062D0C6 /* AppDelegate.swift */; };
		693F240726DB6F070062D0C6 /* SceneDelegate.swift in Sources */ = {isa = PBXBuildFile; fileRef = 693F240626DB6F070062D0C6 /* SceneDelegate.swift */; };
		693F240926DB6F070062D0C6 /* ContentView.swift in Sources */ = {isa = PBXBuildFile; fileRef = 693F240826DB6F070062D0C6 /* ContentView.swift */; };
		693F240B26DB6F090062D0C6 /* Assets.xcassets in Resources */ = {isa = PBXBuildFile; fileRef = 693F240A26DB6F090062D0C6 /* Assets.xcassets */; };
		693F240E26DB6F090062D0C6 /* Preview Assets.xcassets in Resources */ = {isa = PBXBuildFile; fileRef = 693F240D26DB6F090062D0C6 /* Preview Assets.xcassets */; };
		693F241126DB6F090062D0C6 /* LaunchScreen.storyboard in Resources */ = {isa = PBXBuildFile; fileRef = 693F240F26DB6F090062D0C6 /* LaunchScreen.storyboard */; };
		693F242126DB6FF90062D0C6 /* WebserviceManager.swift in Sources */ = {isa = PBXBuildFile; fileRef = 693F241F26DB6FF90062D0C6 /* WebserviceManager.swift */; };
		693F242226DB6FF90062D0C6 /* WebserviceRequest.swift in Sources */ = {isa = PBXBuildFile; fileRef = 693F242026DB6FF90062D0C6 /* WebserviceRequest.swift */; };
		693F242726DB703B0062D0C6 /* menu.json in Resources */ = {isa = PBXBuildFile; fileRef = 693F242526DB703B0062D0C6 /* menu.json */; };
		693F242826DB703B0062D0C6 /* Model.swift in Sources */ = {isa = PBXBuildFile; fileRef = 693F242626DB703B0062D0C6 /* Model.swift */; };
		693F242C26DB71170062D0C6 /* Functions.swift in Sources */ = {isa = PBXBuildFile; fileRef = 693F242B26DB71170062D0C6 /* Functions.swift */; };
		693F243026DB71BE0062D0C6 /* TabbarVC.swift in Sources */ = {isa = PBXBuildFile; fileRef = 693F242F26DB71BE0062D0C6 /* TabbarVC.swift */; };
		693F243526DB720C0062D0C6 /* HomeVC.swift in Sources */ = {isa = PBXBuildFile; fileRef = 693F243426DB720C0062D0C6 /* HomeVC.swift */; };
		693F243926DB72170062D0C6 /* SecondVC.swift in Sources */ = {isa = PBXBuildFile; fileRef = 693F243826DB72170062D0C6 /* SecondVC.swift */; };
		693F244126DB72A20062D0C6 /* Seravek-Bold.ttf in Resources */ = {isa = PBXBuildFile; fileRef = 693F243C26DB72A20062D0C6 /* Seravek-Bold.ttf */; };
		693F244226DB72A20062D0C6 /* FontsFree-Net-SFProDisplay-Medium.ttf in Resources */ = {isa = PBXBuildFile; fileRef = 693F243D26DB72A20062D0C6 /* FontsFree-Net-SFProDisplay-Medium.ttf */; };
		693F244326DB72A20062D0C6 /* FontsFree-Net-SFProText-Regular.ttf in Resources */ = {isa = PBXBuildFile; fileRef = 693F243E26DB72A20062D0C6 /* FontsFree-Net-SFProText-Regular.ttf */; };
		693F244426DB72A20062D0C6 /* FontsFree-Net-SFProText-Semibold.ttf in Resources */ = {isa = PBXBuildFile; fileRef = 693F243F26DB72A20062D0C6 /* FontsFree-Net-SFProText-Semibold.ttf */; };
		693F244526DB72A20062D0C6 /* FontsFree-Net-SFProDisplay-Regular.ttf in Resources */ = {isa = PBXBuildFile; fileRef = 693F244026DB72A20062D0C6 /* FontsFree-Net-SFProDisplay-Regular.ttf */; };
		693F244826DB733A0062D0C6 /* TabbText.swift in Sources */ = {isa = PBXBuildFile; fileRef = 693F244726DB733A0062D0C6 /* TabbText.swift */; };
		6949479F26E20AEE00B9E077 /* SwiftGridView.swift in Sources */ = {isa = PBXBuildFile; fileRef = 6949479E26E20AEE00B9E077 /* SwiftGridView.swift */; };
		694947A626E2115100B9E077 /* GridProductsView.swift in Sources */ = {isa = PBXBuildFile; fileRef = 694947A526E2115100B9E077 /* GridProductsView.swift */; };
		694E821126EB45D50061C4F2 /* AddTextView.swift in Sources */ = {isa = PBXBuildFile; fileRef = 694E821026EB45D50061C4F2 /* AddTextView.swift */; };
		696AF07826DB787300C0896F /* ImageCache.swift in Sources */ = {isa = PBXBuildFile; fileRef = 696AF07626DB787300C0896F /* ImageCache.swift */; };
		696AF07926DB787300C0896F /* ImageUtilities.swift in Sources */ = {isa = PBXBuildFile; fileRef = 696AF07726DB787300C0896F /* ImageUtilities.swift */; };
		696AF07C26DB7A5900C0896F /* LoadingView.swift in Sources */ = {isa = PBXBuildFile; fileRef = 696AF07B26DB7A5900C0896F /* LoadingView.swift */; };
		696AF07F26DB7AD300C0896F /* HomeViewModel.swift in Sources */ = {isa = PBXBuildFile; fileRef = 696AF07E26DB7AD300C0896F /* HomeViewModel.swift */; };
		696AF08326DB7CD700C0896F /* TitleImageView.swift in Sources */ = {isa = PBXBuildFile; fileRef = 696AF08226DB7CD700C0896F /* TitleImageView.swift */; };
		696AF08726DB837800C0896F /* OfferCell.swift in Sources */ = {isa = PBXBuildFile; fileRef = 696AF08626DB837800C0896F /* OfferCell.swift */; };
		696AF08A26DB83F500C0896F /* OfferCollectionViewCell.swift in Sources */ = {isa = PBXBuildFile; fileRef = 696AF08926DB83F500C0896F /* OfferCollectionViewCell.swift */; };
		696AF08D26DB8B2F00C0896F /* Promotioncell.swift in Sources */ = {isa = PBXBuildFile; fileRef = 696AF08C26DB8B2F00C0896F /* Promotioncell.swift */; };
		6989466B26DBA39D00F51295 /* PromotionCollectionViewCell.swift in Sources */ = {isa = PBXBuildFile; fileRef = 6989466A26DBA39D00F51295 /* PromotionCollectionViewCell.swift */; };
		6989466F26DBAD6E00F51295 /* extensions.swift in Sources */ = {isa = PBXBuildFile; fileRef = 6989466E26DBAD6E00F51295 /* extensions.swift */; };
		6989467426DBBA8D00F51295 /* OfferItemsCell.swift in Sources */ = {isa = PBXBuildFile; fileRef = 6989467326DBBA8D00F51295 /* OfferItemsCell.swift */; };
		6989467726DBBA9900F51295 /* OfferItemView.swift in Sources */ = {isa = PBXBuildFile; fileRef = 6989467626DBBA9900F51295 /* OfferItemView.swift */; };
		6989467B26DBBEF000F51295 /* SearchView.swift in Sources */ = {isa = PBXBuildFile; fileRef = 6989467A26DBBEF000F51295 /* SearchView.swift */; };
		6989467E26DBC0E800F51295 /* SearchBar.swift in Sources */ = {isa = PBXBuildFile; fileRef = 6989467D26DBC0E800F51295 /* SearchBar.swift */; };
		6989468326DBC76200F51295 /* OfferBrandsView.swift in Sources */ = {isa = PBXBuildFile; fileRef = 6989468226DBC76200F51295 /* OfferBrandsView.swift */; };
		6989468626DBC7BF00F51295 /* StoresView.swift in Sources */ = {isa = PBXBuildFile; fileRef = 6989468526DBC7BF00F51295 /* StoresView.swift */; };
		6989468A26DBC98400F51295 /* StoreViewModel.swift in Sources */ = {isa = PBXBuildFile; fileRef = 6989468926DBC98400F51295 /* StoreViewModel.swift */; };
		6989469126DBCD0000F51295 /* StoreListView.swift in Sources */ = {isa = PBXBuildFile; fileRef = 6989469026DBCD0000F51295 /* StoreListView.swift */; };
		6989469526DBD40600F51295 /* SampleView.swift in Sources */ = {isa = PBXBuildFile; fileRef = 6989469426DBD40600F51295 /* SampleView.swift */; };
		69919CB126E0635A006C4425 /* GameView.swift in Sources */ = {isa = PBXBuildFile; fileRef = 69919CB026E0635A006C4425 /* GameView.swift */; };
		69919CBA26E069C4006C4425 /* Checkmark.swift in Sources */ = {isa = PBXBuildFile; fileRef = 69919CB926E069C4006C4425 /* Checkmark.swift */; };
		69919CBD26E069F7006C4425 /* Constants.swift in Sources */ = {isa = PBXBuildFile; fileRef = 69919CBC26E069F7006C4425 /* Constants.swift */; };
		699B0C3B26E0E6C50092B3D5 /* TextFeildSwift.swift in Sources */ = {isa = PBXBuildFile; fileRef = 699B0C3A26E0E6C50092B3D5 /* TextFeildSwift.swift */; };
		69AE4B0B26DDC65900FAB994 /* SF Pro Display Bold.ttf in Resources */ = {isa = PBXBuildFile; fileRef = 69AE4B0A26DDC65900FAB994 /* SF Pro Display Bold.ttf */; };
		69AE4B0D26DDC65D00FAB994 /* SF-Pro-Display-Bold.ttf in Resources */ = {isa = PBXBuildFile; fileRef = 69AE4B0826DDC4EC00FAB994 /* SF-Pro-Display-Bold.ttf */; };
		69AE4B1126DDC6D500FAB994 /* Members.swift in Sources */ = {isa = PBXBuildFile; fileRef = 69AE4B1026DDC6D500FAB994 /* Members.swift */; };
		69AE4B1526DDC71300FAB994 /* MemberData.swift in Sources */ = {isa = PBXBuildFile; fileRef = 69AE4B1426DDC71300FAB994 /* MemberData.swift */; };
		69AE4B1B26DDD4EF00FAB994 /* LikeButton.swift in Sources */ = {isa = PBXBuildFile; fileRef = 69AE4B1A26DDD4EF00FAB994 /* LikeButton.swift */; };
		69AE4B1F26DDD92700FAB994 /* SignUpVC.swift in Sources */ = {isa = PBXBuildFile; fileRef = 69AE4B1E26DDD92700FAB994 /* SignUpVC.swift */; };
		69AE4B2226DDD93700FAB994 /* SignUpViewModel.swift in Sources */ = {isa = PBXBuildFile; fileRef = 69AE4B2126DDD93700FAB994 /* SignUpViewModel.swift */; };
		FA8F25D1F3C8D29D6367E18C /* Pods_WeacMob.framework in Frameworks */ = {isa = PBXBuildFile; fileRef = E6D6EA335266EAEA5E86A13B /* Pods_WeacMob.framework */; };
/* End PBXBuildFile section */

/* Begin PBXFileReference section */
		690A9BF926DF6F8B008AF82B /* MessageButtonView.swift */ = {isa = PBXFileReference; lastKnownFileType = sourcecode.swift; path = MessageButtonView.swift; sourceTree = "<group>"; };
		691FCCA726DF1C2C00EEC9D3 /* MapView.swift */ = {isa = PBXFileReference; lastKnownFileType = sourcecode.swift; path = MapView.swift; sourceTree = "<group>"; };
		693136CA26DE4D6200CA9121 /* ProductListView.swift */ = {isa = PBXFileReference; lastKnownFileType = sourcecode.swift; path = ProductListView.swift; sourceTree = "<group>"; };
		693136CE26DE545300CA9121 /* BannerList.swift */ = {isa = PBXFileReference; lastKnownFileType = sourcecode.swift; path = BannerList.swift; sourceTree = "<group>"; };
		693136D226DE545E00CA9121 /* BannerView.swift */ = {isa = PBXFileReference; lastKnownFileType = sourcecode.swift; path = BannerView.swift; sourceTree = "<group>"; };
		693136D626DE58DB00CA9121 /* StoryList.swift */ = {isa = PBXFileReference; lastKnownFileType = sourcecode.swift; path = StoryList.swift; sourceTree = "<group>"; };
		693136DA26DE58E400CA9121 /* StoryViews.swift */ = {isa = PBXFileReference; lastKnownFileType = sourcecode.swift; path = StoryViews.swift; sourceTree = "<group>"; };
		693136DE26DE5CA000CA9121 /* SearchItemView.swift */ = {isa = PBXFileReference; lastKnownFileType = sourcecode.swift; path = SearchItemView.swift; sourceTree = "<group>"; };
		6937A12F26DC7C97008898BC /* ProductView.swift */ = {isa = PBXFileReference; lastKnownFileType = sourcecode.swift; path = ProductView.swift; sourceTree = "<group>"; };
		6937A13426DC7E65008898BC /* ProductsView.swift */ = {isa = PBXFileReference; lastKnownFileType = sourcecode.swift; path = ProductsView.swift; sourceTree = "<group>"; };
		6937A13926DC82AA008898BC /* SF-Pro-Display-Thin.otf */ = {isa = PBXFileReference; lastKnownFileType = file; path = "SF-Pro-Display-Thin.otf"; sourceTree = "<group>"; };
		6937A13A26DC82AA008898BC /* SF-Pro-Display-SemiboldItalic.otf */ = {isa = PBXFileReference; lastKnownFileType = file; path = "SF-Pro-Display-SemiboldItalic.otf"; sourceTree = "<group>"; };
		6937A13B26DC82AA008898BC /* SF-Pro-Display-RegularItalic.otf */ = {isa = PBXFileReference; lastKnownFileType = file; path = "SF-Pro-Display-RegularItalic.otf"; sourceTree = "<group>"; };
		6937A13C26DC82AA008898BC /* SF-Pro-Display-Light.otf */ = {isa = PBXFileReference; lastKnownFileType = file; path = "SF-Pro-Display-Light.otf"; sourceTree = "<group>"; };
		6937A13D26DC82AA008898BC /* SF-Pro-Display-Regular.otf */ = {isa = PBXFileReference; lastKnownFileType = file; path = "SF-Pro-Display-Regular.otf"; sourceTree = "<group>"; };
		6937A13E26DC82AA008898BC /* SF-Pro-Display-Bold.otf */ = {isa = PBXFileReference; lastKnownFileType = file; path = "SF-Pro-Display-Bold.otf"; sourceTree = "<group>"; };
		6937A13F26DC82AA008898BC /* SF-Pro-Display-Medium.otf */ = {isa = PBXFileReference; lastKnownFileType = file; path = "SF-Pro-Display-Medium.otf"; sourceTree = "<group>"; };
		6937A14026DC82AA008898BC /* SF-Pro-Display-Heavy.otf */ = {isa = PBXFileReference; lastKnownFileType = file; path = "SF-Pro-Display-Heavy.otf"; sourceTree = "<group>"; };
		6937A14126DC82AA008898BC /* SF-Pro-Display-Semibold.otf */ = {isa = PBXFileReference; lastKnownFileType = file; path = "SF-Pro-Display-Semibold.otf"; sourceTree = "<group>"; };
		6937A14226DC82AA008898BC /* SF-Pro-Display-MediumItalic.otf */ = {isa = PBXFileReference; lastKnownFileType = file; path = "SF-Pro-Display-MediumItalic.otf"; sourceTree = "<group>"; };
		6937A14326DC82AA008898BC /* SF-Pro-Display-HeavyItalic.otf */ = {isa = PBXFileReference; lastKnownFileType = file; path = "SF-Pro-Display-HeavyItalic.otf"; sourceTree = "<group>"; };
		6937A14426DC82AA008898BC /* SF-Pro-Display-Ultralight.otf */ = {isa = PBXFileReference; lastKnownFileType = file; path = "SF-Pro-Display-Ultralight.otf"; sourceTree = "<group>"; };
		6937A14526DC82AA008898BC /* SF-Pro-Display-UltralightItalic.otf */ = {isa = PBXFileReference; lastKnownFileType = file; path = "SF-Pro-Display-UltralightItalic.otf"; sourceTree = "<group>"; };
		6937A14626DC82AA008898BC /* SF-Pro-Display-LightItalic.otf */ = {isa = PBXFileReference; lastKnownFileType = file; path = "SF-Pro-Display-LightItalic.otf"; sourceTree = "<group>"; };
		6937A14726DC82AA008898BC /* SF-Pro-Display-BlackItalic.otf */ = {isa = PBXFileReference; lastKnownFileType = file; path = "SF-Pro-Display-BlackItalic.otf"; sourceTree = "<group>"; };
		6937A14826DC82AA008898BC /* SF-Pro-Display-Black.otf */ = {isa = PBXFileReference; lastKnownFileType = file; path = "SF-Pro-Display-Black.otf"; sourceTree = "<group>"; };
		6937A14926DC82AA008898BC /* SF-Pro-Display-ThinItalic.otf */ = {isa = PBXFileReference; lastKnownFileType = file; path = "SF-Pro-Display-ThinItalic.otf"; sourceTree = "<group>"; };
		6937A14A26DC82AA008898BC /* SF-Pro-Display-BoldItalic.otf */ = {isa = PBXFileReference; lastKnownFileType = file; path = "SF-Pro-Display-BoldItalic.otf"; sourceTree = "<group>"; };
		6937A15E26DC8A4C008898BC /* ProductImageView.swift */ = {isa = PBXFileReference; lastKnownFileType = sourcecode.swift; path = ProductImageView.swift; sourceTree = "<group>"; };
		6937A16126DC8A8B008898BC /* ProductLIkeView.swift */ = {isa = PBXFileReference; lastKnownFileType = sourcecode.swift; path = ProductLIkeView.swift; sourceTree = "<group>"; };
		6937A16426DC8CF9008898BC /* ProductAmountView.swift */ = {isa = PBXFileReference; lastKnownFileType = sourcecode.swift; path = ProductAmountView.swift; sourceTree = "<group>"; };
		6937A16726DC938A008898BC /* ProductCartView.swift */ = {isa = PBXFileReference; lastKnownFileType = sourcecode.swift; path = ProductCartView.swift; sourceTree = "<group>"; };
		6937A16A26DC9B54008898BC /* AddButton.swift */ = {isa = PBXFileReference; lastKnownFileType = sourcecode.swift; path = AddButton.swift; sourceTree = "<group>"; };
		6937A16D26DC9BFE008898BC /* CartButton.swift */ = {isa = PBXFileReference; lastKnownFileType = sourcecode.swift; path = CartButton.swift; sourceTree = "<group>"; };
		693F240126DB6F070062D0C6 /* WeacMob.app */ = {isa = PBXFileReference; explicitFileType = wrapper.application; includeInIndex = 0; path = WeacMob.app; sourceTree = BUILT_PRODUCTS_DIR; };
		693F240426DB6F070062D0C6 /* AppDelegate.swift */ = {isa = PBXFileReference; lastKnownFileType = sourcecode.swift; path = AppDelegate.swift; sourceTree = "<group>"; };
		693F240626DB6F070062D0C6 /* SceneDelegate.swift */ = {isa = PBXFileReference; lastKnownFileType = sourcecode.swift; path = SceneDelegate.swift; sourceTree = "<group>"; };
		693F240826DB6F070062D0C6 /* ContentView.swift */ = {isa = PBXFileReference; lastKnownFileType = sourcecode.swift; path = ContentView.swift; sourceTree = "<group>"; };
		693F240A26DB6F090062D0C6 /* Assets.xcassets */ = {isa = PBXFileReference; lastKnownFileType = folder.assetcatalog; path = Assets.xcassets; sourceTree = "<group>"; };
		693F240D26DB6F090062D0C6 /* Preview Assets.xcassets */ = {isa = PBXFileReference; lastKnownFileType = folder.assetcatalog; path = "Preview Assets.xcassets"; sourceTree = "<group>"; };
		693F241026DB6F090062D0C6 /* Base */ = {isa = PBXFileReference; lastKnownFileType = file.storyboard; name = Base; path = Base.lproj/LaunchScreen.storyboard; sourceTree = "<group>"; };
		693F241226DB6F090062D0C6 /* Info.plist */ = {isa = PBXFileReference; lastKnownFileType = text.plist.xml; path = Info.plist; sourceTree = "<group>"; };
		693F241F26DB6FF90062D0C6 /* WebserviceManager.swift */ = {isa = PBXFileReference; fileEncoding = 4; lastKnownFileType = sourcecode.swift; path = WebserviceManager.swift; sourceTree = "<group>"; };
		693F242026DB6FF90062D0C6 /* WebserviceRequest.swift */ = {isa = PBXFileReference; fileEncoding = 4; lastKnownFileType = sourcecode.swift; path = WebserviceRequest.swift; sourceTree = "<group>"; };
		693F242526DB703B0062D0C6 /* menu.json */ = {isa = PBXFileReference; fileEncoding = 4; lastKnownFileType = text.json; path = menu.json; sourceTree = "<group>"; };
		693F242626DB703B0062D0C6 /* Model.swift */ = {isa = PBXFileReference; fileEncoding = 4; lastKnownFileType = sourcecode.swift; path = Model.swift; sourceTree = "<group>"; };
		693F242B26DB71170062D0C6 /* Functions.swift */ = {isa = PBXFileReference; fileEncoding = 4; lastKnownFileType = sourcecode.swift; path = Functions.swift; sourceTree = "<group>"; };
		693F242F26DB71BE0062D0C6 /* TabbarVC.swift */ = {isa = PBXFileReference; lastKnownFileType = sourcecode.swift; path = TabbarVC.swift; sourceTree = "<group>"; };
		693F243426DB720C0062D0C6 /* HomeVC.swift */ = {isa = PBXFileReference; lastKnownFileType = sourcecode.swift; path = HomeVC.swift; sourceTree = "<group>"; };
		693F243826DB72170062D0C6 /* SecondVC.swift */ = {isa = PBXFileReference; lastKnownFileType = sourcecode.swift; path = SecondVC.swift; sourceTree = "<group>"; };
		693F243C26DB72A20062D0C6 /* Seravek-Bold.ttf */ = {isa = PBXFileReference; lastKnownFileType = file; path = "Seravek-Bold.ttf"; sourceTree = "<group>"; };
		693F243D26DB72A20062D0C6 /* FontsFree-Net-SFProDisplay-Medium.ttf */ = {isa = PBXFileReference; lastKnownFileType = file; path = "FontsFree-Net-SFProDisplay-Medium.ttf"; sourceTree = "<group>"; };
		693F243E26DB72A20062D0C6 /* FontsFree-Net-SFProText-Regular.ttf */ = {isa = PBXFileReference; lastKnownFileType = file; path = "FontsFree-Net-SFProText-Regular.ttf"; sourceTree = "<group>"; };
		693F243F26DB72A20062D0C6 /* FontsFree-Net-SFProText-Semibold.ttf */ = {isa = PBXFileReference; lastKnownFileType = file; path = "FontsFree-Net-SFProText-Semibold.ttf"; sourceTree = "<group>"; };
		693F244026DB72A20062D0C6 /* FontsFree-Net-SFProDisplay-Regular.ttf */ = {isa = PBXFileReference; lastKnownFileType = file; path = "FontsFree-Net-SFProDisplay-Regular.ttf"; sourceTree = "<group>"; };
		693F244726DB733A0062D0C6 /* TabbText.swift */ = {isa = PBXFileReference; lastKnownFileType = sourcecode.swift; path = TabbText.swift; sourceTree = "<group>"; };
		6949479E26E20AEE00B9E077 /* SwiftGridView.swift */ = {isa = PBXFileReference; lastKnownFileType = sourcecode.swift; path = SwiftGridView.swift; sourceTree = "<group>"; };
		694947A526E2115100B9E077 /* GridProductsView.swift */ = {isa = PBXFileReference; lastKnownFileType = sourcecode.swift; path = GridProductsView.swift; sourceTree = "<group>"; };
		694E821026EB45D50061C4F2 /* AddTextView.swift */ = {isa = PBXFileReference; lastKnownFileType = sourcecode.swift; path = AddTextView.swift; sourceTree = "<group>"; };
		696AF07626DB787300C0896F /* ImageCache.swift */ = {isa = PBXFileReference; fileEncoding = 4; lastKnownFileType = sourcecode.swift; path = ImageCache.swift; sourceTree = "<group>"; };
		696AF07726DB787300C0896F /* ImageUtilities.swift */ = {isa = PBXFileReference; fileEncoding = 4; lastKnownFileType = sourcecode.swift; path = ImageUtilities.swift; sourceTree = "<group>"; };
		696AF07B26DB7A5900C0896F /* LoadingView.swift */ = {isa = PBXFileReference; lastKnownFileType = sourcecode.swift; path = LoadingView.swift; sourceTree = "<group>"; };
		696AF07E26DB7AD300C0896F /* HomeViewModel.swift */ = {isa = PBXFileReference; lastKnownFileType = sourcecode.swift; path = HomeViewModel.swift; sourceTree = "<group>"; };
		696AF08226DB7CD700C0896F /* TitleImageView.swift */ = {isa = PBXFileReference; lastKnownFileType = sourcecode.swift; path = TitleImageView.swift; sourceTree = "<group>"; };
		696AF08626DB837800C0896F /* OfferCell.swift */ = {isa = PBXFileReference; lastKnownFileType = sourcecode.swift; path = OfferCell.swift; sourceTree = "<group>"; };
		696AF08926DB83F500C0896F /* OfferCollectionViewCell.swift */ = {isa = PBXFileReference; lastKnownFileType = sourcecode.swift; path = OfferCollectionViewCell.swift; sourceTree = "<group>"; };
		696AF08C26DB8B2F00C0896F /* Promotioncell.swift */ = {isa = PBXFileReference; lastKnownFileType = sourcecode.swift; path = Promotioncell.swift; sourceTree = "<group>"; };
		6989466A26DBA39D00F51295 /* PromotionCollectionViewCell.swift */ = {isa = PBXFileReference; lastKnownFileType = sourcecode.swift; path = PromotionCollectionViewCell.swift; sourceTree = "<group>"; };
		6989466E26DBAD6E00F51295 /* extensions.swift */ = {isa = PBXFileReference; lastKnownFileType = sourcecode.swift; path = extensions.swift; sourceTree = "<group>"; };
		6989467326DBBA8D00F51295 /* OfferItemsCell.swift */ = {isa = PBXFileReference; lastKnownFileType = sourcecode.swift; path = OfferItemsCell.swift; sourceTree = "<group>"; };
		6989467626DBBA9900F51295 /* OfferItemView.swift */ = {isa = PBXFileReference; lastKnownFileType = sourcecode.swift; path = OfferItemView.swift; sourceTree = "<group>"; };
		6989467A26DBBEF000F51295 /* SearchView.swift */ = {isa = PBXFileReference; lastKnownFileType = sourcecode.swift; path = SearchView.swift; sourceTree = "<group>"; };
		6989467D26DBC0E800F51295 /* SearchBar.swift */ = {isa = PBXFileReference; lastKnownFileType = sourcecode.swift; path = SearchBar.swift; sourceTree = "<group>"; };
		6989468226DBC76200F51295 /* OfferBrandsView.swift */ = {isa = PBXFileReference; lastKnownFileType = sourcecode.swift; path = OfferBrandsView.swift; sourceTree = "<group>"; };
		6989468526DBC7BF00F51295 /* StoresView.swift */ = {isa = PBXFileReference; lastKnownFileType = sourcecode.swift; path = StoresView.swift; sourceTree = "<group>"; };
		6989468926DBC98400F51295 /* StoreViewModel.swift */ = {isa = PBXFileReference; lastKnownFileType = sourcecode.swift; path = StoreViewModel.swift; sourceTree = "<group>"; };
		6989469026DBCD0000F51295 /* StoreListView.swift */ = {isa = PBXFileReference; lastKnownFileType = sourcecode.swift; path = StoreListView.swift; sourceTree = "<group>"; };
		6989469426DBD40600F51295 /* SampleView.swift */ = {isa = PBXFileReference; lastKnownFileType = sourcecode.swift; path = SampleView.swift; sourceTree = "<group>"; };
		69919CB026E0635A006C4425 /* GameView.swift */ = {isa = PBXFileReference; lastKnownFileType = sourcecode.swift; path = GameView.swift; sourceTree = "<group>"; };
		69919CB926E069C4006C4425 /* Checkmark.swift */ = {isa = PBXFileReference; lastKnownFileType = sourcecode.swift; path = Checkmark.swift; sourceTree = "<group>"; };
		69919CBC26E069F7006C4425 /* Constants.swift */ = {isa = PBXFileReference; lastKnownFileType = sourcecode.swift; path = Constants.swift; sourceTree = "<group>"; };
		699B0C3A26E0E6C50092B3D5 /* TextFeildSwift.swift */ = {isa = PBXFileReference; lastKnownFileType = sourcecode.swift; path = TextFeildSwift.swift; sourceTree = "<group>"; };
		69AE4B0826DDC4EC00FAB994 /* SF-Pro-Display-Bold.ttf */ = {isa = PBXFileReference; lastKnownFileType = file; path = "SF-Pro-Display-Bold.ttf"; sourceTree = "<group>"; };
		69AE4B0A26DDC65900FAB994 /* SF Pro Display Bold.ttf */ = {isa = PBXFileReference; lastKnownFileType = file; path = "SF Pro Display Bold.ttf"; sourceTree = "<group>"; };
		69AE4B1026DDC6D500FAB994 /* Members.swift */ = {isa = PBXFileReference; lastKnownFileType = sourcecode.swift; path = Members.swift; sourceTree = "<group>"; };
		69AE4B1426DDC71300FAB994 /* MemberData.swift */ = {isa = PBXFileReference; lastKnownFileType = sourcecode.swift; path = MemberData.swift; sourceTree = "<group>"; };
		69AE4B1A26DDD4EF00FAB994 /* LikeButton.swift */ = {isa = PBXFileReference; lastKnownFileType = sourcecode.swift; path = LikeButton.swift; sourceTree = "<group>"; };
		69AE4B1E26DDD92700FAB994 /* SignUpVC.swift */ = {isa = PBXFileReference; lastKnownFileType = sourcecode.swift; path = SignUpVC.swift; sourceTree = "<group>"; };
		69AE4B2126DDD93700FAB994 /* SignUpViewModel.swift */ = {isa = PBXFileReference; lastKnownFileType = sourcecode.swift; path = SignUpViewModel.swift; sourceTree = "<group>"; };
		E6D6EA335266EAEA5E86A13B /* Pods_WeacMob.framework */ = {isa = PBXFileReference; explicitFileType = wrapper.framework; includeInIndex = 0; path = Pods_WeacMob.framework; sourceTree = BUILT_PRODUCTS_DIR; };
		F54545D0D8D14FE9A33A3EBF /* Pods-WeacMob.debug.xcconfig */ = {isa = PBXFileReference; includeInIndex = 1; lastKnownFileType = text.xcconfig; name = "Pods-WeacMob.debug.xcconfig"; path = "Target Support Files/Pods-WeacMob/Pods-WeacMob.debug.xcconfig"; sourceTree = "<group>"; };
		F75DEE56996775565DAD54DC /* Pods-WeacMob.release.xcconfig */ = {isa = PBXFileReference; includeInIndex = 1; lastKnownFileType = text.xcconfig; name = "Pods-WeacMob.release.xcconfig"; path = "Target Support Files/Pods-WeacMob/Pods-WeacMob.release.xcconfig"; sourceTree = "<group>"; };
/* End PBXFileReference section */

/* Begin PBXFrameworksBuildPhase section */
		693F23FE26DB6F070062D0C6 /* Frameworks */ = {
			isa = PBXFrameworksBuildPhase;
			buildActionMask = 2147483647;
			files = (
				FA8F25D1F3C8D29D6367E18C /* Pods_WeacMob.framework in Frameworks */,
			);
			runOnlyForDeploymentPostprocessing = 0;
		};
/* End PBXFrameworksBuildPhase section */

/* Begin PBXGroup section */
		31DD1F60E56F72D5A797E08D /* Frameworks */ = {
			isa = PBXGroup;
			children = (
				E6D6EA335266EAEA5E86A13B /* Pods_WeacMob.framework */,
			);
			name = Frameworks;
			sourceTree = "<group>";
		};
		5AB4BAECB55D06EC7B6692B4 /* Pods */ = {
			isa = PBXGroup;
			children = (
				F54545D0D8D14FE9A33A3EBF /* Pods-WeacMob.debug.xcconfig */,
				F75DEE56996775565DAD54DC /* Pods-WeacMob.release.xcconfig */,
			);
			path = Pods;
			sourceTree = "<group>";
		};
		690A9BF826DF6F7D008AF82B /* NavigationView */ = {
			isa = PBXGroup;
			children = (
				690A9BF926DF6F8B008AF82B /* MessageButtonView.swift */,
			);
			path = NavigationView;
			sourceTree = "<group>";
		};
		691FCCA626DF1C1D00EEC9D3 /* Map */ = {
			isa = PBXGroup;
			children = (
				691FCCA726DF1C2C00EEC9D3 /* MapView.swift */,
			);
			path = Map;
			sourceTree = "<group>";
		};
		693136CD26DE544100CA9121 /* BannerCell */ = {
			isa = PBXGroup;
			children = (
				693136CE26DE545300CA9121 /* BannerList.swift */,
				693136D226DE545E00CA9121 /* BannerView.swift */,
			);
			path = BannerCell;
			sourceTree = "<group>";
		};
		693136D526DE58C600CA9121 /* StoryView */ = {
			isa = PBXGroup;
			children = (
				693136D626DE58DB00CA9121 /* StoryList.swift */,
				693136DA26DE58E400CA9121 /* StoryViews.swift */,
			);
			path = StoryView;
			sourceTree = "<group>";
		};
		693136DD26DE5C8F00CA9121 /* SearchView */ = {
			isa = PBXGroup;
			children = (
				693136DE26DE5CA000CA9121 /* SearchItemView.swift */,
			);
			path = SearchView;
			sourceTree = "<group>";
		};
		6937A12E26DC7C83008898BC /* ProductCells */ = {
			isa = PBXGroup;
			children = (
				6937A12F26DC7C97008898BC /* ProductView.swift */,
				6937A16126DC8A8B008898BC /* ProductLIkeView.swift */,
				6937A15E26DC8A4C008898BC /* ProductImageView.swift */,
				6937A16426DC8CF9008898BC /* ProductAmountView.swift */,
				6937A16726DC938A008898BC /* ProductCartView.swift */,
				6937A16A26DC9B54008898BC /* AddButton.swift */,
				6937A16D26DC9BFE008898BC /* CartButton.swift */,
				69AE4B1A26DDD4EF00FAB994 /* LikeButton.swift */,
				693136CA26DE4D6200CA9121 /* ProductListView.swift */,
				694E821026EB45D50061C4F2 /* AddTextView.swift */,
			);
			path = ProductCells;
			sourceTree = "<group>";
		};
		6937A13326DC7E53008898BC /* ProductView */ = {
			isa = PBXGroup;
			children = (
				6937A13426DC7E65008898BC /* ProductsView.swift */,
			);
			path = ProductView;
			sourceTree = "<group>";
		};
		6937A13826DC82AA008898BC /* SF Pro Display */ = {
			isa = PBXGroup;
			children = (
				69AE4B0826DDC4EC00FAB994 /* SF-Pro-Display-Bold.ttf */,
				6937A13926DC82AA008898BC /* SF-Pro-Display-Thin.otf */,
				6937A13A26DC82AA008898BC /* SF-Pro-Display-SemiboldItalic.otf */,
				6937A13B26DC82AA008898BC /* SF-Pro-Display-RegularItalic.otf */,
				69AE4B0A26DDC65900FAB994 /* SF Pro Display Bold.ttf */,
				6937A13C26DC82AA008898BC /* SF-Pro-Display-Light.otf */,
				6937A13D26DC82AA008898BC /* SF-Pro-Display-Regular.otf */,
				6937A13E26DC82AA008898BC /* SF-Pro-Display-Bold.otf */,
				6937A13F26DC82AA008898BC /* SF-Pro-Display-Medium.otf */,
				6937A14026DC82AA008898BC /* SF-Pro-Display-Heavy.otf */,
				6937A14126DC82AA008898BC /* SF-Pro-Display-Semibold.otf */,
				6937A14226DC82AA008898BC /* SF-Pro-Display-MediumItalic.otf */,
				6937A14326DC82AA008898BC /* SF-Pro-Display-HeavyItalic.otf */,
				6937A14426DC82AA008898BC /* SF-Pro-Display-Ultralight.otf */,
				6937A14526DC82AA008898BC /* SF-Pro-Display-UltralightItalic.otf */,
				6937A14626DC82AA008898BC /* SF-Pro-Display-LightItalic.otf */,
				6937A14726DC82AA008898BC /* SF-Pro-Display-BlackItalic.otf */,
				6937A14826DC82AA008898BC /* SF-Pro-Display-Black.otf */,
				6937A14926DC82AA008898BC /* SF-Pro-Display-ThinItalic.otf */,
				6937A14A26DC82AA008898BC /* SF-Pro-Display-BoldItalic.otf */,
			);
			path = "SF Pro Display";
			sourceTree = "<group>";
		};
		693F23F826DB6F070062D0C6 = {
			isa = PBXGroup;
			children = (
				693F240326DB6F070062D0C6 /* WeacMob */,
				693F240226DB6F070062D0C6 /* Products */,
				5AB4BAECB55D06EC7B6692B4 /* Pods */,
				31DD1F60E56F72D5A797E08D /* Frameworks */,
			);
			sourceTree = "<group>";
		};
		693F240226DB6F070062D0C6 /* Products */ = {
			isa = PBXGroup;
			children = (
				693F240126DB6F070062D0C6 /* WeacMob.app */,
			);
			name = Products;
			sourceTree = "<group>";
		};
		693F240326DB6F070062D0C6 /* WeacMob */ = {
			isa = PBXGroup;
			children = (
				6949479D26E20AD800B9E077 /* GridView */,
				69919CAF26E0633F006C4425 /* GameView */,
				69AE4B1D26DDD91500FAB994 /* SigunUp */,
				693F242426DB70080062D0C6 /* DataModels */,
				693F243B26DB72A20062D0C6 /* Fonts */,
				6989469326DBD3F600F51295 /* SampleView */,
				693136DD26DE5C8F00CA9121 /* SearchView */,
				691FCCA626DF1C1D00EEC9D3 /* Map */,
				693136D526DE58C600CA9121 /* StoryView */,
				6937A13326DC7E53008898BC /* ProductView */,
				693136CD26DE544100CA9121 /* BannerCell */,
				6937A12E26DC7C83008898BC /* ProductCells */,
				696AF08126DB7C9F00C0896F /* HomeCells */,
				6989467226DBBA6E00F51295 /* OfferCells */,
				690A9BF826DF6F7D008AF82B /* NavigationView */,
				693F243326DB71FD0062D0C6 /* Home */,
				693F242E26DB71A30062D0C6 /* TabVC */,
				693F242A26DB71170062D0C6 /* Helper Functions */,
				693F241E26DB6FF90062D0C6 /* Webservices */,
				693F240426DB6F070062D0C6 /* AppDelegate.swift */,
				693F240626DB6F070062D0C6 /* SceneDelegate.swift */,
				693F240826DB6F070062D0C6 /* ContentView.swift */,
				693F240A26DB6F090062D0C6 /* Assets.xcassets */,
				693F240F26DB6F090062D0C6 /* LaunchScreen.storyboard */,
				693F241226DB6F090062D0C6 /* Info.plist */,
				693F240C26DB6F090062D0C6 /* Preview Content */,
			);
			path = WeacMob;
			sourceTree = "<group>";
		};
		693F240C26DB6F090062D0C6 /* Preview Content */ = {
			isa = PBXGroup;
			children = (
				693F240D26DB6F090062D0C6 /* Preview Assets.xcassets */,
			);
			path = "Preview Content";
			sourceTree = "<group>";
		};
		693F241E26DB6FF90062D0C6 /* Webservices */ = {
			isa = PBXGroup;
			children = (
				693F241F26DB6FF90062D0C6 /* WebserviceManager.swift */,
				693F242026DB6FF90062D0C6 /* WebserviceRequest.swift */,
			);
			path = Webservices;
			sourceTree = "<group>";
		};
		693F242426DB70080062D0C6 /* DataModels */ = {
			isa = PBXGroup;
			children = (
				693F242526DB703B0062D0C6 /* menu.json */,
				693F242626DB703B0062D0C6 /* Model.swift */,
			);
			path = DataModels;
			sourceTree = "<group>";
		};
		693F242A26DB71170062D0C6 /* Helper Functions */ = {
			isa = PBXGroup;
			children = (
				6989466D26DBAD5D00F51295 /* Extension */,
				696AF07526DB787300C0896F /* Utilities */,
				693F242B26DB71170062D0C6 /* Functions.swift */,
				69919CBC26E069F7006C4425 /* Constants.swift */,
				696AF07B26DB7A5900C0896F /* LoadingView.swift */,
			);
			path = "Helper Functions";
			sourceTree = "<group>";
		};
		693F242E26DB71A30062D0C6 /* TabVC */ = {
			isa = PBXGroup;
			children = (
				693F242F26DB71BE0062D0C6 /* TabbarVC.swift */,
				693F244726DB733A0062D0C6 /* TabbText.swift */,
			);
			path = TabVC;
			sourceTree = "<group>";
		};
		693F243326DB71FD0062D0C6 /* Home */ = {
			isa = PBXGroup;
			children = (
				693F243426DB720C0062D0C6 /* HomeVC.swift */,
				693F243826DB72170062D0C6 /* SecondVC.swift */,
				696AF07E26DB7AD300C0896F /* HomeViewModel.swift */,
			);
			path = Home;
			sourceTree = "<group>";
		};
		693F243B26DB72A20062D0C6 /* Fonts */ = {
			isa = PBXGroup;
			children = (
				6937A13826DC82AA008898BC /* SF Pro Display */,
				693F243C26DB72A20062D0C6 /* Seravek-Bold.ttf */,
				693F243D26DB72A20062D0C6 /* FontsFree-Net-SFProDisplay-Medium.ttf */,
				693F243E26DB72A20062D0C6 /* FontsFree-Net-SFProText-Regular.ttf */,
				693F243F26DB72A20062D0C6 /* FontsFree-Net-SFProText-Semibold.ttf */,
				693F244026DB72A20062D0C6 /* FontsFree-Net-SFProDisplay-Regular.ttf */,
			);
			path = Fonts;
			sourceTree = "<group>";
		};
		6949479D26E20AD800B9E077 /* GridView */ = {
			isa = PBXGroup;
			children = (
				6949479E26E20AEE00B9E077 /* SwiftGridView.swift */,
				694947A526E2115100B9E077 /* GridProductsView.swift */,
			);
			path = GridView;
			sourceTree = "<group>";
		};
		696AF07526DB787300C0896F /* Utilities */ = {
			isa = PBXGroup;
			children = (
				696AF07626DB787300C0896F /* ImageCache.swift */,
				696AF07726DB787300C0896F /* ImageUtilities.swift */,
			);
			path = Utilities;
			sourceTree = "<group>";
		};
		696AF08126DB7C9F00C0896F /* HomeCells */ = {
			isa = PBXGroup;
			children = (
				696AF08226DB7CD700C0896F /* TitleImageView.swift */,
				696AF08626DB837800C0896F /* OfferCell.swift */,
				696AF08926DB83F500C0896F /* OfferCollectionViewCell.swift */,
				696AF08C26DB8B2F00C0896F /* Promotioncell.swift */,
				6989466A26DBA39D00F51295 /* PromotionCollectionViewCell.swift */,
			);
			path = HomeCells;
			sourceTree = "<group>";
		};
		6989466D26DBAD5D00F51295 /* Extension */ = {
			isa = PBXGroup;
			children = (
				6989466E26DBAD6E00F51295 /* extensions.swift */,
			);
			path = Extension;
			sourceTree = "<group>";
		};
		6989467226DBBA6E00F51295 /* OfferCells */ = {
			isa = PBXGroup;
			children = (
				6989467326DBBA8D00F51295 /* OfferItemsCell.swift */,
				6989467626DBBA9900F51295 /* OfferItemView.swift */,
				6989467A26DBBEF000F51295 /* SearchView.swift */,
				6989467D26DBC0E800F51295 /* SearchBar.swift */,
				6989468226DBC76200F51295 /* OfferBrandsView.swift */,
				6989468526DBC7BF00F51295 /* StoresView.swift */,
				6989469026DBCD0000F51295 /* StoreListView.swift */,
				6989468926DBC98400F51295 /* StoreViewModel.swift */,
			);
			path = OfferCells;
			sourceTree = "<group>";
		};
		6989469326DBD3F600F51295 /* SampleView */ = {
			isa = PBXGroup;
			children = (
				69AE4B0F26DDC6BF00FAB994 /* MemeberView */,
				6989469426DBD40600F51295 /* SampleView.swift */,
			);
			path = SampleView;
			sourceTree = "<group>";
		};
		69919CAF26E0633F006C4425 /* GameView */ = {
			isa = PBXGroup;
			children = (
				69919CB026E0635A006C4425 /* GameView.swift */,
				69919CB926E069C4006C4425 /* Checkmark.swift */,
			);
			path = GameView;
			sourceTree = "<group>";
		};
		69AE4B0F26DDC6BF00FAB994 /* MemeberView */ = {
			isa = PBXGroup;
			children = (
				69AE4B1026DDC6D500FAB994 /* Members.swift */,
				69AE4B1426DDC71300FAB994 /* MemberData.swift */,
			);
			path = MemeberView;
			sourceTree = "<group>";
		};
		69AE4B1D26DDD91500FAB994 /* SigunUp */ = {
			isa = PBXGroup;
			children = (
				69AE4B1E26DDD92700FAB994 /* SignUpVC.swift */,
				69AE4B2126DDD93700FAB994 /* SignUpViewModel.swift */,
				699B0C3A26E0E6C50092B3D5 /* TextFeildSwift.swift */,
			);
			path = SigunUp;
			sourceTree = "<group>";
		};
/* End PBXGroup section */

/* Begin PBXNativeTarget section */
		693F240026DB6F070062D0C6 /* WeacMob */ = {
			isa = PBXNativeTarget;
			buildConfigurationList = 693F241526DB6F090062D0C6 /* Build configuration list for PBXNativeTarget "WeacMob" */;
			buildPhases = (
				B0F2DFA517744C7B0AD5E9E7 /* [CP] Check Pods Manifest.lock */,
				693F23FD26DB6F070062D0C6 /* Sources */,
				693F23FE26DB6F070062D0C6 /* Frameworks */,
				693F23FF26DB6F070062D0C6 /* Resources */,
				272F737505337576BA21A51A /* [CP] Embed Pods Frameworks */,
			);
			buildRules = (
			);
			dependencies = (
			);
			name = WeacMob;
			productName = WeacMob;
			productReference = 693F240126DB6F070062D0C6 /* WeacMob.app */;
			productType = "com.apple.product-type.application";
		};
/* End PBXNativeTarget section */

/* Begin PBXProject section */
		693F23F926DB6F070062D0C6 /* Project object */ = {
			isa = PBXProject;
			attributes = {
				LastSwiftUpdateCheck = 1230;
				LastUpgradeCheck = 1230;
				TargetAttributes = {
					693F240026DB6F070062D0C6 = {
						CreatedOnToolsVersion = 12.3;
					};
				};
			};
			buildConfigurationList = 693F23FC26DB6F070062D0C6 /* Build configuration list for PBXProject "WeacMob" */;
			compatibilityVersion = "Xcode 9.3";
			developmentRegion = en;
			hasScannedForEncodings = 0;
			knownRegions = (
				en,
				Base,
			);
			mainGroup = 693F23F826DB6F070062D0C6;
			productRefGroup = 693F240226DB6F070062D0C6 /* Products */;
			projectDirPath = "";
			projectRoot = "";
			targets = (
				693F240026DB6F070062D0C6 /* WeacMob */,
			);
		};
/* End PBXProject section */

/* Begin PBXResourcesBuildPhase section */
		693F23FF26DB6F070062D0C6 /* Resources */ = {
			isa = PBXResourcesBuildPhase;
			buildActionMask = 2147483647;
			files = (
				69AE4B0B26DDC65900FAB994 /* SF Pro Display Bold.ttf in Resources */,
				6937A15B26DC82AA008898BC /* SF-Pro-Display-ThinItalic.otf in Resources */,
				6937A14B26DC82AA008898BC /* SF-Pro-Display-Thin.otf in Resources */,
				6937A15226DC82AA008898BC /* SF-Pro-Display-Heavy.otf in Resources */,
				6937A15426DC82AA008898BC /* SF-Pro-Display-MediumItalic.otf in Resources */,
				693F244426DB72A20062D0C6 /* FontsFree-Net-SFProText-Semibold.ttf in Resources */,
				693F241126DB6F090062D0C6 /* LaunchScreen.storyboard in Resources */,
				693F240E26DB6F090062D0C6 /* Preview Assets.xcassets in Resources */,
				6937A14E26DC82AA008898BC /* SF-Pro-Display-Light.otf in Resources */,
				6937A15A26DC82AA008898BC /* SF-Pro-Display-Black.otf in Resources */,
				6937A15926DC82AA008898BC /* SF-Pro-Display-BlackItalic.otf in Resources */,
				6937A15726DC82AA008898BC /* SF-Pro-Display-UltralightItalic.otf in Resources */,
				6937A15326DC82AA008898BC /* SF-Pro-Display-Semibold.otf in Resources */,
				693F244326DB72A20062D0C6 /* FontsFree-Net-SFProText-Regular.ttf in Resources */,
				6937A15626DC82AA008898BC /* SF-Pro-Display-Ultralight.otf in Resources */,
				693F242726DB703B0062D0C6 /* menu.json in Resources */,
				693F244126DB72A20062D0C6 /* Seravek-Bold.ttf in Resources */,
				6937A15126DC82AA008898BC /* SF-Pro-Display-Medium.otf in Resources */,
				6937A14C26DC82AA008898BC /* SF-Pro-Display-SemiboldItalic.otf in Resources */,
				6937A15C26DC82AA008898BC /* SF-Pro-Display-BoldItalic.otf in Resources */,
				6937A14D26DC82AA008898BC /* SF-Pro-Display-RegularItalic.otf in Resources */,
				693F244226DB72A20062D0C6 /* FontsFree-Net-SFProDisplay-Medium.ttf in Resources */,
				6937A15026DC82AA008898BC /* SF-Pro-Display-Bold.otf in Resources */,
				693F244526DB72A20062D0C6 /* FontsFree-Net-SFProDisplay-Regular.ttf in Resources */,
				6937A14F26DC82AA008898BC /* SF-Pro-Display-Regular.otf in Resources */,
				6937A15826DC82AA008898BC /* SF-Pro-Display-LightItalic.otf in Resources */,
				693F240B26DB6F090062D0C6 /* Assets.xcassets in Resources */,
				6937A15526DC82AA008898BC /* SF-Pro-Display-HeavyItalic.otf in Resources */,
				69AE4B0D26DDC65D00FAB994 /* SF-Pro-Display-Bold.ttf in Resources */,
			);
			runOnlyForDeploymentPostprocessing = 0;
		};
/* End PBXResourcesBuildPhase section */

/* Begin PBXShellScriptBuildPhase section */
		272F737505337576BA21A51A /* [CP] Embed Pods Frameworks */ = {
			isa = PBXShellScriptBuildPhase;
			buildActionMask = 2147483647;
			files = (
			);
			inputFileListPaths = (
				"${PODS_ROOT}/Target Support Files/Pods-WeacMob/Pods-WeacMob-frameworks-${CONFIGURATION}-input-files.xcfilelist",
			);
			name = "[CP] Embed Pods Frameworks";
			outputFileListPaths = (
				"${PODS_ROOT}/Target Support Files/Pods-WeacMob/Pods-WeacMob-frameworks-${CONFIGURATION}-output-files.xcfilelist",
			);
			runOnlyForDeploymentPostprocessing = 0;
			shellPath = /bin/sh;
			shellScript = "\"${PODS_ROOT}/Target Support Files/Pods-WeacMob/Pods-WeacMob-frameworks.sh\"\n";
			showEnvVarsInLog = 0;
		};
		B0F2DFA517744C7B0AD5E9E7 /* [CP] Check Pods Manifest.lock */ = {
			isa = PBXShellScriptBuildPhase;
			buildActionMask = 2147483647;
			files = (
			);
			inputFileListPaths = (
			);
			inputPaths = (
				"${PODS_PODFILE_DIR_PATH}/Podfile.lock",
				"${PODS_ROOT}/Manifest.lock",
			);
			name = "[CP] Check Pods Manifest.lock";
			outputFileListPaths = (
			);
			outputPaths = (
				"$(DERIVED_FILE_DIR)/Pods-WeacMob-checkManifestLockResult.txt",
			);
			runOnlyForDeploymentPostprocessing = 0;
			shellPath = /bin/sh;
			shellScript = "diff \"${PODS_PODFILE_DIR_PATH}/Podfile.lock\" \"${PODS_ROOT}/Manifest.lock\" > /dev/null\nif [ $? != 0 ] ; then\n    # print error to STDERR\n    echo \"error: The sandbox is not in sync with the Podfile.lock. Run 'pod install' or update your CocoaPods installation.\" >&2\n    exit 1\nfi\n# This output is used by Xcode 'outputs' to avoid re-running this script phase.\necho \"SUCCESS\" > \"${SCRIPT_OUTPUT_FILE_0}\"\n";
			showEnvVarsInLog = 0;
		};
/* End PBXShellScriptBuildPhase section */

/* Begin PBXSourcesBuildPhase section */
		693F23FD26DB6F070062D0C6 /* Sources */ = {
			isa = PBXSourcesBuildPhase;
			buildActionMask = 2147483647;
			files = (
				694947A626E2115100B9E077 /* GridProductsView.swift in Sources */,
				693136CB26DE4D6200CA9121 /* ProductListView.swift in Sources */,
				6989469126DBCD0000F51295 /* StoreListView.swift in Sources */,
				693F244826DB733A0062D0C6 /* TabbText.swift in Sources */,
				693F242226DB6FF90062D0C6 /* WebserviceRequest.swift in Sources */,
				69AE4B1126DDC6D500FAB994 /* Members.swift in Sources */,
				693F242126DB6FF90062D0C6 /* WebserviceManager.swift in Sources */,
				693F240526DB6F070062D0C6 /* AppDelegate.swift in Sources */,
				693136D726DE58DB00CA9121 /* StoryList.swift in Sources */,
				6989467B26DBBEF000F51295 /* SearchView.swift in Sources */,
				6989467E26DBC0E800F51295 /* SearchBar.swift in Sources */,
				6989467726DBBA9900F51295 /* OfferItemView.swift in Sources */,
				69AE4B2226DDD93700FAB994 /* SignUpViewModel.swift in Sources */,
				6937A13526DC7E65008898BC /* ProductsView.swift in Sources */,
				69AE4B1B26DDD4EF00FAB994 /* LikeButton.swift in Sources */,
				693F243526DB720C0062D0C6 /* HomeVC.swift in Sources */,
				6989468A26DBC98400F51295 /* StoreViewModel.swift in Sources */,
				6989469526DBD40600F51295 /* SampleView.swift in Sources */,
				696AF07C26DB7A5900C0896F /* LoadingView.swift in Sources */,
				6937A16226DC8A8B008898BC /* ProductLIkeView.swift in Sources */,
				693F242C26DB71170062D0C6 /* Functions.swift in Sources */,
				6949479F26E20AEE00B9E077 /* SwiftGridView.swift in Sources */,
				696AF07926DB787300C0896F /* ImageUtilities.swift in Sources */,
				696AF07826DB787300C0896F /* ImageCache.swift in Sources */,
				693F242826DB703B0062D0C6 /* Model.swift in Sources */,
				693F243926DB72170062D0C6 /* SecondVC.swift in Sources */,
				696AF08726DB837800C0896F /* OfferCell.swift in Sources */,
				69AE4B1526DDC71300FAB994 /* MemberData.swift in Sources */,
				693F240726DB6F070062D0C6 /* SceneDelegate.swift in Sources */,
				696AF08A26DB83F500C0896F /* OfferCollectionViewCell.swift in Sources */,
				693F243026DB71BE0062D0C6 /* TabbarVC.swift in Sources */,
				6937A13026DC7C97008898BC /* ProductView.swift in Sources */,
				6989468626DBC7BF00F51295 /* StoresView.swift in Sources */,
				69AE4B1F26DDD92700FAB994 /* SignUpVC.swift in Sources */,
				6989467426DBBA8D00F51295 /* OfferItemsCell.swift in Sources */,
				6937A16B26DC9B54008898BC /* AddButton.swift in Sources */,
				69919CBA26E069C4006C4425 /* Checkmark.swift in Sources */,
				693136CF26DE545300CA9121 /* BannerList.swift in Sources */,
				6937A16526DC8CF9008898BC /* ProductAmountView.swift in Sources */,
				694E821126EB45D50061C4F2 /* AddTextView.swift in Sources */,
				696AF07F26DB7AD300C0896F /* HomeViewModel.swift in Sources */,
				691FCCA826DF1C2C00EEC9D3 /* MapView.swift in Sources */,
				693136D326DE545E00CA9121 /* BannerView.swift in Sources */,
				693136DF26DE5CA000CA9121 /* SearchItemView.swift in Sources */,
				6937A16E26DC9BFE008898BC /* CartButton.swift in Sources */,
				6937A15F26DC8A4C008898BC /* ProductImageView.swift in Sources */,
				690A9BFA26DF6F8B008AF82B /* MessageButtonView.swift in Sources */,
				693F240926DB6F070062D0C6 /* ContentView.swift in Sources */,
				6989466F26DBAD6E00F51295 /* extensions.swift in Sources */,
				693136DB26DE58E400CA9121 /* StoryViews.swift in Sources */,
				696AF08D26DB8B2F00C0896F /* Promotioncell.swift in Sources */,
				6989468326DBC76200F51295 /* OfferBrandsView.swift in Sources */,
				6989466B26DBA39D00F51295 /* PromotionCollectionViewCell.swift in Sources */,
				6937A16826DC938A008898BC /* ProductCartView.swift in Sources */,
				69919CB126E0635A006C4425 /* GameView.swift in Sources */,
				696AF08326DB7CD700C0896F /* TitleImageView.swift in Sources */,
				69919CBD26E069F7006C4425 /* Constants.swift in Sources */,
				699B0C3B26E0E6C50092B3D5 /* TextFeildSwift.swift in Sources */,
			);
			runOnlyForDeploymentPostprocessing = 0;
		};
/* End PBXSourcesBuildPhase section */

/* Begin PBXVariantGroup section */
		693F240F26DB6F090062D0C6 /* LaunchScreen.storyboard */ = {
			isa = PBXVariantGroup;
			children = (
				693F241026DB6F090062D0C6 /* Base */,
			);
			name = LaunchScreen.storyboard;
			sourceTree = "<group>";
		};
/* End PBXVariantGroup section */

/* Begin XCBuildConfiguration section */
		693F241326DB6F090062D0C6 /* Debug */ = {
			isa = XCBuildConfiguration;
			buildSettings = {
				ALWAYS_SEARCH_USER_PATHS = NO;
				CLANG_ANALYZER_NONNULL = YES;
				CLANG_ANALYZER_NUMBER_OBJECT_CONVERSION = YES_AGGRESSIVE;
				CLANG_CXX_LANGUAGE_STANDARD = "gnu++14";
				CLANG_CXX_LIBRARY = "libc++";
				CLANG_ENABLE_MODULES = YES;
				CLANG_ENABLE_OBJC_ARC = YES;
				CLANG_ENABLE_OBJC_WEAK = YES;
				CLANG_WARN_BLOCK_CAPTURE_AUTORELEASING = YES;
				CLANG_WARN_BOOL_CONVERSION = YES;
				CLANG_WARN_COMMA = YES;
				CLANG_WARN_CONSTANT_CONVERSION = YES;
				CLANG_WARN_DEPRECATED_OBJC_IMPLEMENTATIONS = YES;
				CLANG_WARN_DIRECT_OBJC_ISA_USAGE = YES_ERROR;
				CLANG_WARN_DOCUMENTATION_COMMENTS = YES;
				CLANG_WARN_EMPTY_BODY = YES;
				CLANG_WARN_ENUM_CONVERSION = YES;
				CLANG_WARN_INFINITE_RECURSION = YES;
				CLANG_WARN_INT_CONVERSION = YES;
				CLANG_WARN_NON_LITERAL_NULL_CONVERSION = YES;
				CLANG_WARN_OBJC_IMPLICIT_RETAIN_SELF = YES;
				CLANG_WARN_OBJC_LITERAL_CONVERSION = YES;
				CLANG_WARN_OBJC_ROOT_CLASS = YES_ERROR;
				CLANG_WARN_QUOTED_INCLUDE_IN_FRAMEWORK_HEADER = YES;
				CLANG_WARN_RANGE_LOOP_ANALYSIS = YES;
				CLANG_WARN_STRICT_PROTOTYPES = YES;
				CLANG_WARN_SUSPICIOUS_MOVE = YES;
				CLANG_WARN_UNGUARDED_AVAILABILITY = YES_AGGRESSIVE;
				CLANG_WARN_UNREACHABLE_CODE = YES;
				CLANG_WARN__DUPLICATE_METHOD_MATCH = YES;
				COPY_PHASE_STRIP = NO;
				DEBUG_INFORMATION_FORMAT = dwarf;
				ENABLE_STRICT_OBJC_MSGSEND = YES;
				ENABLE_TESTABILITY = YES;
				GCC_C_LANGUAGE_STANDARD = gnu11;
				GCC_DYNAMIC_NO_PIC = NO;
				GCC_NO_COMMON_BLOCKS = YES;
				GCC_OPTIMIZATION_LEVEL = 0;
				GCC_PREPROCESSOR_DEFINITIONS = (
					"DEBUG=1",
					"$(inherited)",
				);
				GCC_WARN_64_TO_32_BIT_CONVERSION = YES;
				GCC_WARN_ABOUT_RETURN_TYPE = YES_ERROR;
				GCC_WARN_UNDECLARED_SELECTOR = YES;
				GCC_WARN_UNINITIALIZED_AUTOS = YES_AGGRESSIVE;
				GCC_WARN_UNUSED_FUNCTION = YES;
				GCC_WARN_UNUSED_VARIABLE = YES;
				IPHONEOS_DEPLOYMENT_TARGET = 14.3;
				MTL_ENABLE_DEBUG_INFO = INCLUDE_SOURCE;
				MTL_FAST_MATH = YES;
				ONLY_ACTIVE_ARCH = YES;
				SDKROOT = iphoneos;
				SWIFT_ACTIVE_COMPILATION_CONDITIONS = DEBUG;
				SWIFT_OPTIMIZATION_LEVEL = "-Onone";
			};
			name = Debug;
		};
		693F241426DB6F090062D0C6 /* Release */ = {
			isa = XCBuildConfiguration;
			buildSettings = {
				ALWAYS_SEARCH_USER_PATHS = NO;
				CLANG_ANALYZER_NONNULL = YES;
				CLANG_ANALYZER_NUMBER_OBJECT_CONVERSION = YES_AGGRESSIVE;
				CLANG_CXX_LANGUAGE_STANDARD = "gnu++14";
				CLANG_CXX_LIBRARY = "libc++";
				CLANG_ENABLE_MODULES = YES;
				CLANG_ENABLE_OBJC_ARC = YES;
				CLANG_ENABLE_OBJC_WEAK = YES;
				CLANG_WARN_BLOCK_CAPTURE_AUTORELEASING = YES;
				CLANG_WARN_BOOL_CONVERSION = YES;
				CLANG_WARN_COMMA = YES;
				CLANG_WARN_CONSTANT_CONVERSION = YES;
				CLANG_WARN_DEPRECATED_OBJC_IMPLEMENTATIONS = YES;
				CLANG_WARN_DIRECT_OBJC_ISA_USAGE = YES_ERROR;
				CLANG_WARN_DOCUMENTATION_COMMENTS = YES;
				CLANG_WARN_EMPTY_BODY = YES;
				CLANG_WARN_ENUM_CONVERSION = YES;
				CLANG_WARN_INFINITE_RECURSION = YES;
				CLANG_WARN_INT_CONVERSION = YES;
				CLANG_WARN_NON_LITERAL_NULL_CONVERSION = YES;
				CLANG_WARN_OBJC_IMPLICIT_RETAIN_SELF = YES;
				CLANG_WARN_OBJC_LITERAL_CONVERSION = YES;
				CLANG_WARN_OBJC_ROOT_CLASS = YES_ERROR;
				CLANG_WARN_QUOTED_INCLUDE_IN_FRAMEWORK_HEADER = YES;
				CLANG_WARN_RANGE_LOOP_ANALYSIS = YES;
				CLANG_WARN_STRICT_PROTOTYPES = YES;
				CLANG_WARN_SUSPICIOUS_MOVE = YES;
				CLANG_WARN_UNGUARDED_AVAILABILITY = YES_AGGRESSIVE;
				CLANG_WARN_UNREACHABLE_CODE = YES;
				CLANG_WARN__DUPLICATE_METHOD_MATCH = YES;
				COPY_PHASE_STRIP = NO;
				DEBUG_INFORMATION_FORMAT = "dwarf-with-dsym";
				ENABLE_NS_ASSERTIONS = NO;
				ENABLE_STRICT_OBJC_MSGSEND = YES;
				GCC_C_LANGUAGE_STANDARD = gnu11;
				GCC_NO_COMMON_BLOCKS = YES;
				GCC_WARN_64_TO_32_BIT_CONVERSION = YES;
				GCC_WARN_ABOUT_RETURN_TYPE = YES_ERROR;
				GCC_WARN_UNDECLARED_SELECTOR = YES;
				GCC_WARN_UNINITIALIZED_AUTOS = YES_AGGRESSIVE;
				GCC_WARN_UNUSED_FUNCTION = YES;
				GCC_WARN_UNUSED_VARIABLE = YES;
				IPHONEOS_DEPLOYMENT_TARGET = 14.3;
				MTL_ENABLE_DEBUG_INFO = NO;
				MTL_FAST_MATH = YES;
				SDKROOT = iphoneos;
				SWIFT_COMPILATION_MODE = wholemodule;
				SWIFT_OPTIMIZATION_LEVEL = "-O";
				VALIDATE_PRODUCT = YES;
			};
			name = Release;
		};
		693F241626DB6F090062D0C6 /* Debug */ = {
			isa = XCBuildConfiguration;
			baseConfigurationReference = F54545D0D8D14FE9A33A3EBF /* Pods-WeacMob.debug.xcconfig */;
			buildSettings = {
				ASSETCATALOG_COMPILER_APPICON_NAME = AppIcon;
				ASSETCATALOG_COMPILER_GLOBAL_ACCENT_COLOR_NAME = AccentColor;
				CODE_SIGN_STYLE = Automatic;
				DEVELOPMENT_ASSET_PATHS = "\"WeacMob/Preview Content\"";
				DEVELOPMENT_TEAM = T92Y92RB48;
				ENABLE_PREVIEWS = YES;
				INFOPLIST_FILE = WeacMob/Info.plist;
				LD_RUNPATH_SEARCH_PATHS = (
					"$(inherited)",
					"@executable_path/Frameworks",
				);
				PRODUCT_BUNDLE_IDENTIFIER = com.wac.posterity.WeacMob;
				PRODUCT_NAME = "$(TARGET_NAME)";
				SWIFT_VERSION = 5.0;
				TARGETED_DEVICE_FAMILY = "1,2";
			};
			name = Debug;
		};
		693F241726DB6F090062D0C6 /* Release */ = {
			isa = XCBuildConfiguration;
			baseConfigurationReference = F75DEE56996775565DAD54DC /* Pods-WeacMob.release.xcconfig */;
			buildSettings = {
				ASSETCATALOG_COMPILER_APPICON_NAME = AppIcon;
				ASSETCATALOG_COMPILER_GLOBAL_ACCENT_COLOR_NAME = AccentColor;
				CODE_SIGN_STYLE = Automatic;
				DEVELOPMENT_ASSET_PATHS = "\"WeacMob/Preview Content\"";
				DEVELOPMENT_TEAM = T92Y92RB48;
				ENABLE_PREVIEWS = YES;
				INFOPLIST_FILE = WeacMob/Info.plist;
				LD_RUNPATH_SEARCH_PATHS = (
					"$(inherited)",
					"@executable_path/Frameworks",
				);
				PRODUCT_BUNDLE_IDENTIFIER = com.wac.posterity.WeacMob;
				PRODUCT_NAME = "$(TARGET_NAME)";
				SWIFT_VERSION = 5.0;
				TARGETED_DEVICE_FAMILY = "1,2";
			};
			name = Release;
		};
/* End XCBuildConfiguration section */

/* Begin XCConfigurationList section */
		693F23FC26DB6F070062D0C6 /* Build configuration list for PBXProject "WeacMob" */ = {
			isa = XCConfigurationList;
			buildConfigurations = (
				693F241326DB6F090062D0C6 /* Debug */,
				693F241426DB6F090062D0C6 /* Release */,
			);
			defaultConfigurationIsVisible = 0;
			defaultConfigurationName = Release;
		};
		693F241526DB6F090062D0C6 /* Build configuration list for PBXNativeTarget "WeacMob" */ = {
			isa = XCConfigurationList;
			buildConfigurations = (
				693F241626DB6F090062D0C6 /* Debug */,
				693F241726DB6F090062D0C6 /* Release */,
			);
			defaultConfigurationIsVisible = 0;
			defaultConfigurationName = Release;
		};
/* End XCConfigurationList section */
	};
	rootObject = 693F23F926DB6F070062D0C6 /* Project object */;
}
